// !$*UTF8*$!
{
	archiveVersion = 1;
	classes = {
	};
	objectVersion = 48;
	objects = {

/* Begin PBXBuildFile section */
		A4024A561FD23BF000EDF769 /* AppDelegate.swift in Sources */ = {isa = PBXBuildFile; fileRef = A4024A551FD23BF000EDF769 /* AppDelegate.swift */; };
		A4024A581FD23BF000EDF769 /* WelcomeViewController.swift in Sources */ = {isa = PBXBuildFile; fileRef = A4024A571FD23BF000EDF769 /* WelcomeViewController.swift */; };
		A4024A5B1FD23BF000EDF769 /* Main.storyboard in Resources */ = {isa = PBXBuildFile; fileRef = A4024A591FD23BF000EDF769 /* Main.storyboard */; };
		A4024A5D1FD23BF000EDF769 /* Assets.xcassets in Resources */ = {isa = PBXBuildFile; fileRef = A4024A5C1FD23BF000EDF769 /* Assets.xcassets */; };
		A4024A601FD23BF000EDF769 /* LaunchScreen.storyboard in Resources */ = {isa = PBXBuildFile; fileRef = A4024A5E1FD23BF000EDF769 /* LaunchScreen.storyboard */; };
		A4024A691FD3D1B700EDF769 /* BorderButton.swift in Sources */ = {isa = PBXBuildFile; fileRef = A4024A681FD3D1B700EDF769 /* BorderButton.swift */; };
		A49F88981FD7942C00436817 /* LeagueViewController.swift in Sources */ = {isa = PBXBuildFile; fileRef = A49F88971FD7942C00436817 /* LeagueViewController.swift */; };
		A49F889A1FD7944200436817 /* SkillViewController.swift in Sources */ = {isa = PBXBuildFile; fileRef = A49F88991FD7944200436817 /* SkillViewController.swift */; };
/* End PBXBuildFile section */

/* Begin PBXFileReference section */
		A4024A521FD23BF000EDF769 /* app-swoosh.app */ = {isa = PBXFileReference; explicitFileType = wrapper.application; includeInIndex = 0; path = "app-swoosh.app"; sourceTree = BUILT_PRODUCTS_DIR; };
		A4024A551FD23BF000EDF769 /* AppDelegate.swift */ = {isa = PBXFileReference; lastKnownFileType = sourcecode.swift; path = AppDelegate.swift; sourceTree = "<group>"; };
		A4024A571FD23BF000EDF769 /* WelcomeViewController.swift */ = {isa = PBXFileReference; lastKnownFileType = sourcecode.swift; path = WelcomeViewController.swift; sourceTree = "<group>"; };
		A4024A5A1FD23BF000EDF769 /* Base */ = {isa = PBXFileReference; lastKnownFileType = file.storyboard; name = Base; path = Base.lproj/Main.storyboard; sourceTree = "<group>"; };
		A4024A5C1FD23BF000EDF769 /* Assets.xcassets */ = {isa = PBXFileReference; lastKnownFileType = folder.assetcatalog; path = Assets.xcassets; sourceTree = "<group>"; };
		A4024A5F1FD23BF000EDF769 /* Base */ = {isa = PBXFileReference; lastKnownFileType = file.storyboard; name = Base; path = Base.lproj/LaunchScreen.storyboard; sourceTree = "<group>"; };
		A4024A611FD23BF000EDF769 /* Info.plist */ = {isa = PBXFileReference; lastKnownFileType = text.plist.xml; path = Info.plist; sourceTree = "<group>"; };
		A4024A681FD3D1B700EDF769 /* BorderButton.swift */ = {isa = PBXFileReference; lastKnownFileType = sourcecode.swift; path = BorderButton.swift; sourceTree = "<group>"; };
		A49F88971FD7942C00436817 /* LeagueViewController.swift */ = {isa = PBXFileReference; lastKnownFileType = sourcecode.swift; path = LeagueViewController.swift; sourceTree = "<group>"; };
		A49F88991FD7944200436817 /* SkillViewController.swift */ = {isa = PBXFileReference; lastKnownFileType = sourcecode.swift; path = SkillViewController.swift; sourceTree = "<group>"; };
/* End PBXFileReference section */

/* Begin PBXFrameworksBuildPhase section */
		A4024A4F1FD23BF000EDF769 /* Frameworks */ = {
			isa = PBXFrameworksBuildPhase;
			buildActionMask = 2147483647;
			files = (
			);
			runOnlyForDeploymentPostprocessing = 0;
		};
/* End PBXFrameworksBuildPhase section */

/* Begin PBXGroup section */
		A4024A491FD23BF000EDF769 = {
			isa = PBXGroup;
			children = (
				A4024A541FD23BF000EDF769 /* app-swoosh */,
				A4024A531FD23BF000EDF769 /* Products */,
			);
			sourceTree = "<group>";
		};
		A4024A531FD23BF000EDF769 /* Products */ = {
			isa = PBXGroup;
			children = (
				A4024A521FD23BF000EDF769 /* app-swoosh.app */,
			);
			name = Products;
			sourceTree = "<group>";
		};
		A4024A541FD23BF000EDF769 /* app-swoosh */ = {
			isa = PBXGroup;
			children = (
				A49F88961FD7913000436817 /* Model */,
				A49F88951FD7912800436817 /* Controller */,
				A4024A671FD3D16D00EDF769 /* View */,
				A4024A551FD23BF000EDF769 /* AppDelegate.swift */,
				A4024A591FD23BF000EDF769 /* Main.storyboard */,
				A4024A5C1FD23BF000EDF769 /* Assets.xcassets */,
				A4024A5E1FD23BF000EDF769 /* LaunchScreen.storyboard */,
				A4024A611FD23BF000EDF769 /* Info.plist */,
			);
			path = "app-swoosh";
			sourceTree = "<group>";
		};
		A4024A671FD3D16D00EDF769 /* View */ = {
			isa = PBXGroup;
			children = (
				A4024A681FD3D1B700EDF769 /* BorderButton.swift */,
			);
			path = View;
			sourceTree = "<group>";
		};
		A49F88951FD7912800436817 /* Controller */ = {
			isa = PBXGroup;
			children = (
				A4024A571FD23BF000EDF769 /* WelcomeViewController.swift */,
				A49F88971FD7942C00436817 /* LeagueViewController.swift */,
				A49F88991FD7944200436817 /* SkillViewController.swift */,
			);
			path = Controller;
			sourceTree = "<group>";
		};
		A49F88961FD7913000436817 /* Model */ = {
			isa = PBXGroup;
			children = (
			);
			path = Model;
			sourceTree = "<group>";
		};
/* End PBXGroup section */

/* Begin PBXNativeTarget section */
		A4024A511FD23BF000EDF769 /* app-swoosh */ = {
			isa = PBXNativeTarget;
			buildConfigurationList = A4024A641FD23BF000EDF769 /* Build configuration list for PBXNativeTarget "app-swoosh" */;
			buildPhases = (
				A4024A4E1FD23BF000EDF769 /* Sources */,
				A4024A4F1FD23BF000EDF769 /* Frameworks */,
				A4024A501FD23BF000EDF769 /* Resources */,
			);
			buildRules = (
			);
			dependencies = (
			);
			name = "app-swoosh";
			productName = "app-swoosh";
			productReference = A4024A521FD23BF000EDF769 /* app-swoosh.app */;
			productType = "com.apple.product-type.application";
		};
/* End PBXNativeTarget section */

/* Begin PBXProject section */
		A4024A4A1FD23BF000EDF769 /* Project object */ = {
			isa = PBXProject;
			attributes = {
				LastSwiftUpdateCheck = 0910;
				LastUpgradeCheck = 0910;
				ORGANIZATIONNAME = JoP;
				TargetAttributes = {
					A4024A511FD23BF000EDF769 = {
						CreatedOnToolsVersion = 9.1;
						ProvisioningStyle = Automatic;
					};
				};
			};
			buildConfigurationList = A4024A4D1FD23BF000EDF769 /* Build configuration list for PBXProject "app-swoosh" */;
			compatibilityVersion = "Xcode 8.0";
			developmentRegion = en;
			hasScannedForEncodings = 0;
			knownRegions = (
				en,
				Base,
			);
			mainGroup = A4024A491FD23BF000EDF769;
			productRefGroup = A4024A531FD23BF000EDF769 /* Products */;
			projectDirPath = "";
			projectRoot = "";
			targets = (
				A4024A511FD23BF000EDF769 /* app-swoosh */,
			);
		};
/* End PBXProject section */

/* Begin PBXResourcesBuildPhase section */
		A4024A501FD23BF000EDF769 /* Resources */ = {
			isa = PBXResourcesBuildPhase;
			buildActionMask = 2147483647;
			files = (
				A4024A601FD23BF000EDF769 /* LaunchScreen.storyboard in Resources */,
				A4024A5D1FD23BF000EDF769 /* Assets.xcassets in Resources */,
				A4024A5B1FD23BF000EDF769 /* Main.storyboard in Resources */,
			);
			runOnlyForDeploymentPostprocessing = 0;
		};
/* End PBXResourcesBuildPhase section */

/* Begin PBXSourcesBuildPhase section */
		A4024A4E1FD23BF000EDF769 /* Sources */ = {
			isa = PBXSourcesBuildPhase;
			buildActionMask = 2147483647;
			files = (
				A4024A581FD23BF000EDF769 /* WelcomeViewController.swift in Sources */,
				A4024A561FD23BF000EDF769 /* AppDelegate.swift in Sources */,
				A49F889A1FD7944200436817 /* SkillViewController.swift in Sources */,
				A4024A691FD3D1B700EDF769 /* BorderButton.swift in Sources */,
				A49F88981FD7942C00436817 /* LeagueViewController.swift in Sources */,
			);
			runOnlyForDeploymentPostprocessing = 0;
		};
/* End PBXSourcesBuildPhase section */

/* Begin PBXVariantGroup section */
		A4024A591FD23BF000EDF769 /* Main.storyboard */ = {
			isa = PBXVariantGroup;
			children = (
				A4024A5A1FD23BF000EDF769 /* Base */,
			);
			name = Main.storyboard;
			sourceTree = "<group>";
		};
		A4024A5E1FD23BF000EDF769 /* LaunchScreen.storyboard */ = {
			isa = PBXVariantGroup;
			children = (
				A4024A5F1FD23BF000EDF769 /* Base */,
			);
			name = LaunchScreen.storyboard;
			sourceTree = "<group>";
		};
/* End PBXVariantGroup section */

/* Begin XCBuildConfiguration section */
		A4024A621FD23BF000EDF769 /* Debug */ = {
			isa = XCBuildConfiguration;
			buildSettings = {
				ALWAYS_SEARCH_USER_PATHS = NO;
				CLANG_ANALYZER_NONNULL = YES;
				CLANG_ANALYZER_NUMBER_OBJECT_CONVERSION = YES_AGGRESSIVE;
				CLANG_CXX_LANGUAGE_STANDARD = "gnu++14";
				CLANG_CXX_LIBRARY = "libc++";
				CLANG_ENABLE_MODULES = YES;
				CLANG_ENABLE_OBJC_ARC = YES;
				CLANG_WARN_BLOCK_CAPTURE_AUTORELEASING = YES;
				CLANG_WARN_BOOL_CONVERSION = YES;
				CLANG_WARN_COMMA = YES;
				CLANG_WARN_CONSTANT_CONVERSION = YES;
				CLANG_WARN_DIRECT_OBJC_ISA_USAGE = YES_ERROR;
				CLANG_WARN_DOCUMENTATION_COMMENTS = YES;
				CLANG_WARN_EMPTY_BODY = YES;
				CLANG_WARN_ENUM_CONVERSION = YES;
				CLANG_WARN_INFINITE_RECURSION = YES;
				CLANG_WARN_INT_CONVERSION = YES;
				CLANG_WARN_NON_LITERAL_NULL_CONVERSION = YES;
				CLANG_WARN_OBJC_LITERAL_CONVERSION = YES;
				CLANG_WARN_OBJC_ROOT_CLASS = YES_ERROR;
				CLANG_WARN_RANGE_LOOP_ANALYSIS = YES;
				CLANG_WARN_STRICT_PROTOTYPES = YES;
				CLANG_WARN_SUSPICIOUS_MOVE = YES;
				CLANG_WARN_UNGUARDED_AVAILABILITY = YES_AGGRESSIVE;
				CLANG_WARN_UNREACHABLE_CODE = YES;
				CLANG_WARN__DUPLICATE_METHOD_MATCH = YES;
				CODE_SIGN_IDENTITY = "iPhone Developer";
				COPY_PHASE_STRIP = NO;
				DEBUG_INFORMATION_FORMAT = dwarf;
				ENABLE_STRICT_OBJC_MSGSEND = YES;
				ENABLE_TESTABILITY = YES;
				GCC_C_LANGUAGE_STANDARD = gnu11;
				GCC_DYNAMIC_NO_PIC = NO;
				GCC_NO_COMMON_BLOCKS = YES;
				GCC_OPTIMIZATION_LEVEL = 0;
				GCC_PREPROCESSOR_DEFINITIONS = (
					"DEBUG=1",
					"$(inherited)",
				);
				GCC_WARN_64_TO_32_BIT_CONVERSION = YES;
				GCC_WARN_ABOUT_RETURN_TYPE = YES_ERROR;
				GCC_WARN_UNDECLARED_SELECTOR = YES;
				GCC_WARN_UNINITIALIZED_AUTOS = YES_AGGRESSIVE;
				GCC_WARN_UNUSED_FUNCTION = YES;
				GCC_WARN_UNUSED_VARIABLE = YES;
				IPHONEOS_DEPLOYMENT_TARGET = 11.1;
				MTL_ENABLE_DEBUG_INFO = YES;
				ONLY_ACTIVE_ARCH = YES;
				SDKROOT = iphoneos;
				SWIFT_ACTIVE_COMPILATION_CONDITIONS = DEBUG;
				SWIFT_OPTIMIZATION_LEVEL = "-Onone";
			};
			name = Debug;
		};
		A4024A631FD23BF000EDF769 /* Release */ = {
			isa = XCBuildConfiguration;
			buildSettings = {
				ALWAYS_SEARCH_USER_PATHS = NO;
				CLANG_ANALYZER_NONNULL = YES;
				CLANG_ANALYZER_NUMBER_OBJECT_CONVERSION = YES_AGGRESSIVE;
				CLANG_CXX_LANGUAGE_STANDARD = "gnu++14";
				CLANG_CXX_LIBRARY = "libc++";
				CLANG_ENABLE_MODULES = YES;
				CLANG_ENABLE_OBJC_ARC = YES;
				CLANG_WARN_BLOCK_CAPTURE_AUTORELEASING = YES;
				CLANG_WARN_BOOL_CONVERSION = YES;
				CLANG_WARN_COMMA = YES;
				CLANG_WARN_CONSTANT_CONVERSION = YES;
				CLANG_WARN_DIRECT_OBJC_ISA_USAGE = YES_ERROR;
				CLANG_WARN_DOCUMENTATION_COMMENTS = YES;
				CLANG_WARN_EMPTY_BODY = YES;
				CLANG_WARN_ENUM_CONVERSION = YES;
				CLANG_WARN_INFINITE_RECURSION = YES;
				CLANG_WARN_INT_CONVERSION = YES;
				CLANG_WARN_NON_LITERAL_NULL_CONVERSION = YES;
				CLANG_WARN_OBJC_LITERAL_CONVERSION = YES;
				CLANG_WARN_OBJC_ROOT_CLASS = YES_ERROR;
				CLANG_WARN_RANGE_LOOP_ANALYSIS = YES;
				CLANG_WARN_STRICT_PROTOTYPES = YES;
				CLANG_WARN_SUSPICIOUS_MOVE = YES;
				CLANG_WARN_UNGUARDED_AVAILABILITY = YES_AGGRESSIVE;
				CLANG_WARN_UNREACHABLE_CODE = YES;
				CLANG_WARN__DUPLICATE_METHOD_MATCH = YES;
				CODE_SIGN_IDENTITY = "iPhone Developer";
				COPY_PHASE_STRIP = NO;
				DEBUG_INFORMATION_FORMAT = "dwarf-with-dsym";
				ENABLE_NS_ASSERTIONS = NO;
				ENABLE_STRICT_OBJC_MSGSEND = YES;
				GCC_C_LANGUAGE_STANDARD = gnu11;
				GCC_NO_COMMON_BLOCKS = YES;
				GCC_WARN_64_TO_32_BIT_CONVERSION = YES;
				GCC_WARN_ABOUT_RETURN_TYPE = YES_ERROR;
				GCC_WARN_UNDECLARED_SELECTOR = YES;
				GCC_WARN_UNINITIALIZED_AUTOS = YES_AGGRESSIVE;
				GCC_WARN_UNUSED_FUNCTION = YES;
				GCC_WARN_UNUSED_VARIABLE = YES;
				IPHONEOS_DEPLOYMENT_TARGET = 11.1;
				MTL_ENABLE_DEBUG_INFO = NO;
				SDKROOT = iphoneos;
				SWIFT_OPTIMIZATION_LEVEL = "-Owholemodule";
				VALIDATE_PRODUCT = YES;
			};
			name = Release;
		};
		A4024A651FD23BF000EDF769 /* Debug */ = {
			isa = XCBuildConfiguration;
			buildSettings = {
				ASSETCATALOG_COMPILER_APPICON_NAME = AppIcon;
				CODE_SIGN_STYLE = Automatic;
				DEVELOPMENT_TEAM = 3CW3DGXNW2;
				INFOPLIST_FILE = "app-swoosh/Info.plist";
				LD_RUNPATH_SEARCH_PATHS = "$(inherited) @executable_path/Frameworks";
				PRODUCT_BUNDLE_IDENTIFIER = "JoP.app-swoosh";
				PRODUCT_NAME = "$(TARGET_NAME)";
				SWIFT_VERSION = 4.0;
				TARGETED_DEVICE_FAMILY = "1,2";
			};
			name = Debug;
		};
		A4024A661FD23BF000EDF769 /* Release */ = {
			isa = XCBuildConfiguration;
			buildSettings = {
				ASSETCATALOG_COMPILER_APPICON_NAME = AppIcon;
				CODE_SIGN_STYLE = Automatic;
				DEVELOPMENT_TEAM = 3CW3DGXNW2;
				INFOPLIST_FILE = "app-swoosh/Info.plist";
				LD_RUNPATH_SEARCH_PATHS = "$(inherited) @executable_path/Frameworks";
				PRODUCT_BUNDLE_IDENTIFIER = "JoP.app-swoosh";
				PRODUCT_NAME = "$(TARGET_NAME)";
				SWIFT_VERSION = 4.0;
				TARGETED_DEVICE_FAMILY = "1,2";
			};
			name = Release;
		};
/* End XCBuildConfiguration section */

/* Begin XCConfigurationList section */
		A4024A4D1FD23BF000EDF769 /* Build configuration list for PBXProject "app-swoosh" */ = {
			isa = XCConfigurationList;
			buildConfigurations = (
				A4024A621FD23BF000EDF769 /* Debug */,
				A4024A631FD23BF000EDF769 /* Release */,
			);
			defaultConfigurationIsVisible = 0;
			defaultConfigurationName = Release;
		};
		A4024A641FD23BF000EDF769 /* Build configuration list for PBXNativeTarget "app-swoosh" */ = {
			isa = XCConfigurationList;
			buildConfigurations = (
				A4024A651FD23BF000EDF769 /* Debug */,
				A4024A661FD23BF000EDF769 /* Release */,
			);
			defaultConfigurationIsVisible = 0;
			defaultConfigurationName = Release;
		};
/* End XCConfigurationList section */
	};
	rootObject = A4024A4A1FD23BF000EDF769 /* Project object */;
}
